PODS:
  - Firebase/CoreOnly (11.6.0):
    - FirebaseCore (~> 11.6.0)
  - firebase_core (3.10.1):
    - Firebase/CoreOnly (= 11.6.0)
    - Flutter
  - FirebaseCore (11.6.0):
    - FirebaseCoreInternal (~> 11.6.0)
    - GoogleUtilities/Environment (~> 8.0)
    - GoogleUtilities/Logger (~> 8.0)
  - FirebaseCoreInternal (11.6.0):
    - "GoogleUtilities/NSData+zlib (~> 8.0)"
  - Flutter (1.0.0)
  - flutter_native_splash (2.4.3):
    - Flutter
  - GoogleUtilities/Environment (8.0.2):
    - GoogleUtilities/Privacy
  - GoogleUtilities/Logger (8.0.2):
    - GoogleUtilities/Environment
    - GoogleUtilities/Privacy
  - "GoogleUtilities/NSData+zlib (8.0.2)":
    - GoogleUtilities/Privacy
  - GoogleUtilities/Privacy (8.0.2)
  - Mixpanel-swift (4.3.0):
    - Mixpanel-swift/Complete (= 4.3.0)
  - Mixpanel-swift/Complete (4.3.0)
  - mixpanel_flutter (2.3.3):
    - Flutter
    - Mixpanel-swift (= 4.3.0)
  - package_info_plus (0.4.5):
    - Flutter
  - path_provider_foundation (0.0.1):
    - Flutter
    - FlutterMacOS
  - Sentry/HybridSDK (8.42.0)
  - sentry_flutter (8.12.0):
    - Flutter
    - FlutterMacOS
    - Sentry/HybridSDK (= 8.42.0)
  - shared_preferences_foundation (0.0.1):
    - Flutter
    - FlutterMacOS
  - sqlite3 (3.48.0):
    - sqlite3/common (= 3.48.0)
  - sqlite3/common (3.48.0)
  - sqlite3/dbstatvtab (3.48.0):
    - sqlite3/common
  - sqlite3/fts5 (3.48.0):
    - sqlite3/common
  - sqlite3/perf-threadsafe (3.48.0):
    - sqlite3/common
  - sqlite3/rtree (3.48.0):
    - sqlite3/common
  - sqlite3_flutter_libs (0.0.1):
    - Flutter
    - FlutterMacOS
    - sqlite3 (~> 3.48.0)
    - sqlite3/dbstatvtab
    - sqlite3/fts5
    - sqlite3/perf-threadsafe
    - sqlite3/rtree

DEPENDENCIES:
  - firebase_core (from `.symlinks/plugins/firebase_core/ios`)
  - Flutter (from `Flutter`)
  - flutter_native_splash (from `.symlinks/plugins/flutter_native_splash/ios`)
  - mixpanel_flutter (from `.symlinks/plugins/mixpanel_flutter/ios`)
  - package_info_plus (from `.symlinks/plugins/package_info_plus/ios`)
  - path_provider_foundation (from `.symlinks/plugins/path_provider_foundation/darwin`)
  - sentry_flutter (from `.symlinks/plugins/sentry_flutter/ios`)
  - shared_preferences_foundation (from `.symlinks/plugins/shared_preferences_foundation/darwin`)
  - sqlite3_flutter_libs (from `.symlinks/plugins/sqlite3_flutter_libs/darwin`)

SPEC REPOS:
  trunk:
    - Firebase
    - FirebaseCore
    - FirebaseCoreInternal
    - GoogleUtilities
    - Mixpanel-swift
    - Sentry
    - sqlite3

EXTERNAL SOURCES:
  firebase_core:
    :path: ".symlinks/plugins/firebase_core/ios"
  Flutter:
    :path: Flutter
  flutter_native_splash:
    :path: ".symlinks/plugins/flutter_native_splash/ios"
  mixpanel_flutter:
    :path: ".symlinks/plugins/mixpanel_flutter/ios"
  package_info_plus:
    :path: ".symlinks/plugins/package_info_plus/ios"
  path_provider_foundation:
    :path: ".symlinks/plugins/path_provider_foundation/darwin"
  sentry_flutter:
    :path: ".symlinks/plugins/sentry_flutter/ios"
  shared_preferences_foundation:
    :path: ".symlinks/plugins/shared_preferences_foundation/darwin"
  sqlite3_flutter_libs:
    :path: ".symlinks/plugins/sqlite3_flutter_libs/darwin"

SPEC CHECKSUMS:
  Firebase: 374a441a91ead896215703a674d58cdb3e9d772b
  firebase_core: d3deb82d05dac4bc13190f9d1770787fd6a1cda4
  FirebaseCore: 48b0dd707581cf9c1a1220da68223fb0a562afaa
  FirebaseCoreInternal: d98ab91e2d80a56d7b246856a8885443b302c0c2
  Flutter: e0871f40cf51350855a761d2e70bf5af5b9b5de7
  flutter_native_splash: 6cad9122ea0fad137d23137dd14b937f3e90b145
  GoogleUtilities: 26a3abef001b6533cf678d3eb38fd3f614b7872d
  Mixpanel-swift: 2192b9a24cf41b870749e4e0e10fbc9822bb2b4a
  mixpanel_flutter: d84097a22c87f32fbe1c7f4991c8c357f18016c1
  package_info_plus: af8e2ca6888548050f16fa2f1938db7b5a5df499
  path_provider_foundation: 080d55be775b7414fd5a5ef3ac137b97b097e564
  Sentry: 38ed8bf38eab5812787274bf591e528074c19e02
  sentry_flutter: a72ca0eb6e78335db7c4ddcddd1b9f6c8ed5b764
  shared_preferences_foundation: 9e1978ff2562383bd5676f64ec4e9aa8fa06a6f7
  sqlite3: 3da10a59910c809fb584a93aa46a3f05b785e12e
  sqlite3_flutter_libs: c26d86af4ad88f1465dc4e07e6dc6931eef228e4

PODFILE CHECKSUM: c1956bef66626881f062fecdacd794c47b9a07d3

COCOAPODS: 1.16.2
